
Microsoft Visual Studio Solution File, Format Version 12.00
# Visual Studio Version 17
VisualStudioVersion = 17.3.32825.248
MinimumVisualStudioVersion = 10.0.40219.1
Project("{9A19103F-16F7-4668-BE54-9A1E7A4F7556}") = "AnodyneArchipelago.BepInEx", "AnodyneArchipelago.BepInEx\AnodyneArchipelago.BepInEx.csproj", "{ECD7475F-3E22-4667-879D-7FD2E531E6A2}"
EndProject
Project("{D954291E-2A0B-460D-934E-DC6B0785DB48}") = "AnodyneArchipelago", "AnodyneArchipelago\AnodyneArchipelago.shproj", "{66339AA2-C2B1-4A42-AE18-CFCE120C5B90}"
EndProject
Project("{FAE04EC0-301F-11D3-BF4B-00C04F79EFBC}") = "AnodyneArchipelago.MonoGame", "AnodyneArchipelago.MonoGame\AnodyneArchipelago.MonoGame.csproj", "{C5E1104C-D6CF-4010-9F53-F19D70E1A421}"
EndProject
Global
	GlobalSection(SolutionConfigurationPlatforms) = preSolution
		Debug|Any CPU = Debug|Any CPU
		Release|Any CPU = Release|Any CPU
	EndGlobalSection
	GlobalSection(ProjectConfigurationPlatforms) = postSolution
		{ECD7475F-3E22-4667-879D-7FD2E531E6A2}.Debug|Any CPU.ActiveCfg = Debug|Any CPU
		{ECD7475F-3E22-4667-879D-7FD2E531E6A2}.Debug|Any CPU.Build.0 = Debug|Any CPU
		{ECD7475F-3E22-4667-879D-7FD2E531E6A2}.Release|Any CPU.ActiveCfg = Release|Any CPU
		{ECD7475F-3E22-4667-879D-7FD2E531E6A2}.Release|Any CPU.Build.0 = Release|Any CPU
		{C5E1104C-D6CF-4010-9F53-F19D70E1A421}.Debug|Any CPU.ActiveCfg = Debug|Any CPU
		{C5E1104C-D6CF-4010-9F53-F19D70E1A421}.Debug|Any CPU.Build.0 = Debug|Any CPU
		{C5E1104C-D6CF-4010-9F53-F19D70E1A421}.Release|Any CPU.ActiveCfg = Release|Any CPU
		{C5E1104C-D6CF-4010-9F53-F19D70E1A421}.Release|Any CPU.Build.0 = Release|Any CPU
	EndGlobalSection
	GlobalSection(SolutionProperties) = preSolution
		HideSolutionNode = FALSE
	EndGlobalSection
	GlobalSection(ExtensibilityGlobals) = postSolution
		SolutionGuid = {BADFA823-EB94-44FE-9C42-85D7E95E7A95}
	EndGlobalSection
	GlobalSection(SharedMSBuildProjectFiles) = preSolution
		AnodyneArchipelago\AnodyneArchipelago.projitems*{66339aa2-c2b1-4a42-ae18-cfce120c5b90}*SharedItemsImports = 13
		AnodyneArchipelago\AnodyneArchipelago.projitems*{c5e1104c-d6cf-4010-9f53-f19d70e1a421}*SharedItemsImports = 5
		AnodyneArchipelago\AnodyneArchipelago.projitems*{ecd7475f-3e22-4667-879d-7fd2e531e6a2}*SharedItemsImports = 5
	EndGlobalSection
EndGlobal
